
Microsoft Visual Studio Solution File, Format Version 12.00
# Visual Studio Version 17
VisualStudioVersion = 17.14.36623.8 d17.14
MinimumVisualStudioVersion = 10.0.40219.1
Project("{FAE04EC0-301F-11D3-BF4B-00C04F79EFBC}") = "MathLibrary2", "MathLibrary2\MathLibrary2.csproj", "{EB851EB1-391B-467D-9EC2-B73980036DEA}"
EndProject
Project("{FAE04EC0-301F-11D3-BF4B-00C04F79EFBC}") = "MathLibrary.Client", "MathLibrary.Client\MathLibrary.Client.csproj", "{0E33C83A-52F7-4F14-8B99-9D483B0B4D91}"
EndProject
Global
	GlobalSection(SolutionConfigurationPlatforms) = preSolution
		Debug|Any CPU = Debug|Any CPU
		Release|Any CPU = Release|Any CPU
	EndGlobalSection
	GlobalSection(ProjectConfigurationPlatforms) = postSolution
		{EB851EB1-391B-467D-9EC2-B73980036DEA}.Debug|Any CPU.ActiveCfg = Debug|Any CPU
		{EB851EB1-391B-467D-9EC2-B73980036DEA}.Debug|Any CPU.Build.0 = Debug|Any CPU
		{EB851EB1-391B-467D-9EC2-B73980036DEA}.Release|Any CPU.ActiveCfg = Release|Any CPU
		{EB851EB1-391B-467D-9EC2-B73980036DEA}.Release|Any CPU.Build.0 = Release|Any CPU
		{0E33C83A-52F7-4F14-8B99-9D483B0B4D91}.Debug|Any CPU.ActiveCfg = Debug|Any CPU
		{0E33C83A-52F7-4F14-8B99-9D483B0B4D91}.Debug|Any CPU.Build.0 = Debug|Any CPU
		{0E33C83A-52F7-4F14-8B99-9D483B0B4D91}.Release|Any CPU.ActiveCfg = Release|Any CPU
		{0E33C83A-52F7-4F14-8B99-9D483B0B4D91}.Release|Any CPU.Build.0 = Release|Any CPU
	EndGlobalSection
	GlobalSection(SolutionProperties) = preSolution
		HideSolutionNode = FALSE
	EndGlobalSection
	GlobalSection(ExtensibilityGlobals) = postSolution
		SolutionGuid = {B676EEBB-1E04-4619-BE4F-E5099688FE6F}
	EndGlobalSection
EndGlobal
